{
  "name": "common",
  "version": "1.0.0",
  "lockfileVersion": 2,
  "requires": true,
  "packages": {
    "": {
      "name": "common",
      "version": "1.0.0",
      "dependencies": {
        "@mountainpass/server-agnostic-functions-core": "1.0.20"
      }
    },
    "../..": {
      "name": "@mountainpass/server-agnostic-functions",
      "version": "1.0.14",
      "extraneous": true,
      "license": "Apache-2.0",
      "workspaces": [
        "packages/*"
      ],
      "devDependencies": {
        "lerna": "^6.4.1"
      },
      "engines": {
        "node": ">=12"
      }
    },
    "node_modules/@mountainpass/server-agnostic-functions-core": {
      "version": "1.0.20",
      "resolved": "https://registry.npmjs.org/@mountainpass/server-agnostic-functions-core/-/server-agnostic-functions-core-1.0.20.tgz",
      "integrity": "sha512-g2Kvb/P60V7vlyzhquK5Foz8ncTLjGYASea1vnjVMQeG1oFnS9E9SogeeOskGePaLC3l6757fcqr33quSiaXuw==",
      "engines": {
        "node": ">=12"
      }
    }
  },
  "dependencies": {
    "@mountainpass/server-agnostic-functions-core": {
      "version": "1.0.20",
      "resolved": "https://registry.npmjs.org/@mountainpass/server-agnostic-functions-core/-/server-agnostic-functions-core-1.0.20.tgz",
      "integrity": "sha512-g2Kvb/P60V7vlyzhquK5Foz8ncTLjGYASea1vnjVMQeG1oFnS9E9SogeeOskGePaLC3l6757fcqr33quSiaXuw=="
    }
  }
}
